
Microsoft Visual Studio Solution File, Format Version 12.00
# Visual Studio Version 16
VisualStudioVersion = 16.0.30011.22
MinimumVisualStudioVersion = 10.0.40219.1
Project("{FAE04EC0-301F-11D3-BF4B-00C04F79EFBC}") = "StudentList", "StudentList\StudentList.csproj", "{B2CD9403-C54A-43DC-9387-264E17A67FE6}"
EndProject
Global
	GlobalSection(SolutionConfigurationPlatforms) = preSolution
		Debug|Any CPU = Debug|Any CPU
		Release|Any CPU = Release|Any CPU
	EndGlobalSection
	GlobalSection(ProjectConfigurationPlatforms) = postSolution
		{B2CD9403-C54A-43DC-9387-264E17A67FE6}.Debug|Any CPU.ActiveCfg = Debug|Any CPU
		{B2CD9403-C54A-43DC-9387-264E17A67FE6}.Debug|Any CPU.Build.0 = Debug|Any CPU
		{B2CD9403-C54A-43DC-9387-264E17A67FE6}.Release|Any CPU.ActiveCfg = Release|Any CPU
		{B2CD9403-C54A-43DC-9387-264E17A67FE6}.Release|Any CPU.Build.0 = Release|Any CPU
	EndGlobalSection
	GlobalSection(SolutionProperties) = preSolution
		HideSolutionNode = FALSE
	EndGlobalSection
	GlobalSection(ExtensibilityGlobals) = postSolution
		SolutionGuid = {B5BEE753-7414-4094-A0EE-229FF4C3BACD}
	EndGlobalSection
EndGlobal
